
Microsoft Visual Studio Solution File, Format Version 12.00
# Visual Studio 2012
Project("{FAE04EC0-301F-11D3-BF4B-00C04F79EFBC}") = "OJ", "OJ\OJ.csproj", "{922FD472-BDED-4F3F-9754-7D8B7B4C9AA6}"
	ProjectSection(ProjectDependencies) = postProject
		{D5992114-F96E-4DC2-8846-3F0285BDF46A} = {D5992114-F96E-4DC2-8846-3F0285BDF46A}
		{78EDA35F-2118-4F37-8679-E0EF281A1A1E} = {78EDA35F-2118-4F37-8679-E0EF281A1A1E}
		{175A82FB-1390-43C3-A56B-F736511AE4ED} = {175A82FB-1390-43C3-A56B-F736511AE4ED}
	EndProjectSection
EndProject
Project("{FAE04EC0-301F-11D3-BF4B-00C04F79EFBC}") = "OJService", "OJService\OJService.csproj", "{78EDA35F-2118-4F37-8679-E0EF281A1A1E}"
	ProjectSection(ProjectDependencies) = postProject
		{D5992114-F96E-4DC2-8846-3F0285BDF46A} = {D5992114-F96E-4DC2-8846-3F0285BDF46A}
		{45F59A30-804F-4F0A-9282-05456BD28F25} = {45F59A30-804F-4F0A-9282-05456BD28F25}
		{1549E773-3DC7-4CE6-BCFD-789B4E13A1FF} = {1549E773-3DC7-4CE6-BCFD-789B4E13A1FF}
		{1241C38E-C0F2-41DE-BB79-D8EB808696D8} = {1241C38E-C0F2-41DE-BB79-D8EB808696D8}
		{430022D2-8E3A-4444-B7DE-6F2830F4BF3B} = {430022D2-8E3A-4444-B7DE-6F2830F4BF3B}
		{9EE0A5ED-83D1-4501-8697-A864A3E9D4B7} = {9EE0A5ED-83D1-4501-8697-A864A3E9D4B7}
		{175A82FB-1390-43C3-A56B-F736511AE4ED} = {175A82FB-1390-43C3-A56B-F736511AE4ED}
	EndProjectSection
EndProject
Project("{FAE04EC0-301F-11D3-BF4B-00C04F79EFBC}") = "OJ.Domain", "OJ.Domain\OJ.Domain.csproj", "{D5992114-F96E-4DC2-8846-3F0285BDF46A}"
EndProject
Project("{2150E333-8FDC-42A3-9474-1A3956D46DE8}") = "Interface", "Interface", "{25E81E34-8E1C-4C9C-9650-B52B4446C165}"
EndProject
Project("{FAE04EC0-301F-11D3-BF4B-00C04F79EFBC}") = "OJ.IBLL", "OJ.IBLL\OJ.IBLL.csproj", "{1549E773-3DC7-4CE6-BCFD-789B4E13A1FF}"
	ProjectSection(ProjectDependencies) = postProject
		{D5992114-F96E-4DC2-8846-3F0285BDF46A} = {D5992114-F96E-4DC2-8846-3F0285BDF46A}
	EndProjectSection
EndProject
Project("{FAE04EC0-301F-11D3-BF4B-00C04F79EFBC}") = "OJ.IDao", "OJ.IDao\OJ.IDao.csproj", "{1241C38E-C0F2-41DE-BB79-D8EB808696D8}"
	ProjectSection(ProjectDependencies) = postProject
		{D5992114-F96E-4DC2-8846-3F0285BDF46A} = {D5992114-F96E-4DC2-8846-3F0285BDF46A}
	EndProjectSection
EndProject
Project("{2150E333-8FDC-42A3-9474-1A3956D46DE8}") = "Implements", "Implements", "{5F5AF1FB-715B-453F-99E9-CD1D96D1D8F2}"
EndProject
Project("{FAE04EC0-301F-11D3-BF4B-00C04F79EFBC}") = "OJ.BLL", "OJ.BLL\OJ.BLL.csproj", "{9EE0A5ED-83D1-4501-8697-A864A3E9D4B7}"
EndProject
Project("{FAE04EC0-301F-11D3-BF4B-00C04F79EFBC}") = "OJ.Dao", "OJ.Dao\OJ.Dao.csproj", "{430022D2-8E3A-4444-B7DE-6F2830F4BF3B}"
	ProjectSection(ProjectDependencies) = postProject
		{D5992114-F96E-4DC2-8846-3F0285BDF46A} = {D5992114-F96E-4DC2-8846-3F0285BDF46A}
	EndProjectSection
EndProject
Project("{FAE04EC0-301F-11D3-BF4B-00C04F79EFBC}") = "wcftest", "wcftest\wcftest.csproj", "{25C65C82-BEB1-4164-8F40-DDFF410F9105}"
	ProjectSection(ProjectDependencies) = postProject
		{D5992114-F96E-4DC2-8846-3F0285BDF46A} = {D5992114-F96E-4DC2-8846-3F0285BDF46A}
		{78EDA35F-2118-4F37-8679-E0EF281A1A1E} = {78EDA35F-2118-4F37-8679-E0EF281A1A1E}
	EndProjectSection
EndProject
Project("{FAE04EC0-301F-11D3-BF4B-00C04F79EFBC}") = "OJViewTest", "OJViewTest\OJViewTest.csproj", "{73E12412-B4BD-4BC8-A910-2C9287175774}"
	ProjectSection(ProjectDependencies) = postProject
		{D5992114-F96E-4DC2-8846-3F0285BDF46A} = {D5992114-F96E-4DC2-8846-3F0285BDF46A}
	EndProjectSection
EndProject
Project("{FAE04EC0-301F-11D3-BF4B-00C04F79EFBC}") = "Common", "Common\Common.csproj", "{45F59A30-804F-4F0A-9282-05456BD28F25}"
EndProject
Project("{FAE04EC0-301F-11D3-BF4B-00C04F79EFBC}") = "JudgeService", "JudgeService\JudgeService.csproj", "{175A82FB-1390-43C3-A56B-F736511AE4ED}"
EndProject
Project("{FAE04EC0-301F-11D3-BF4B-00C04F79EFBC}") = "PerformanceTest", "PerformanceTest\PerformanceTest.csproj", "{E3B880E1-CB3F-448F-9AB7-51F234DCB880}"
EndProject
Global
	GlobalSection(SolutionConfigurationPlatforms) = preSolution
		Debug|Any CPU = Debug|Any CPU
		Release|Any CPU = Release|Any CPU
	EndGlobalSection
	GlobalSection(ProjectConfigurationPlatforms) = postSolution
		{922FD472-BDED-4F3F-9754-7D8B7B4C9AA6}.Debug|Any CPU.ActiveCfg = Debug|Any CPU
		{922FD472-BDED-4F3F-9754-7D8B7B4C9AA6}.Debug|Any CPU.Build.0 = Debug|Any CPU
		{922FD472-BDED-4F3F-9754-7D8B7B4C9AA6}.Release|Any CPU.ActiveCfg = Release|Any CPU
		{922FD472-BDED-4F3F-9754-7D8B7B4C9AA6}.Release|Any CPU.Build.0 = Release|Any CPU
		{78EDA35F-2118-4F37-8679-E0EF281A1A1E}.Debug|Any CPU.ActiveCfg = Debug|Any CPU
		{78EDA35F-2118-4F37-8679-E0EF281A1A1E}.Debug|Any CPU.Build.0 = Debug|Any CPU
		{78EDA35F-2118-4F37-8679-E0EF281A1A1E}.Release|Any CPU.ActiveCfg = Release|Any CPU
		{78EDA35F-2118-4F37-8679-E0EF281A1A1E}.Release|Any CPU.Build.0 = Release|Any CPU
		{D5992114-F96E-4DC2-8846-3F0285BDF46A}.Debug|Any CPU.ActiveCfg = Debug|Any CPU
		{D5992114-F96E-4DC2-8846-3F0285BDF46A}.Debug|Any CPU.Build.0 = Debug|Any CPU
		{D5992114-F96E-4DC2-8846-3F0285BDF46A}.Release|Any CPU.ActiveCfg = Release|Any CPU
		{D5992114-F96E-4DC2-8846-3F0285BDF46A}.Release|Any CPU.Build.0 = Release|Any CPU
		{1549E773-3DC7-4CE6-BCFD-789B4E13A1FF}.Debug|Any CPU.ActiveCfg = Debug|Any CPU
		{1549E773-3DC7-4CE6-BCFD-789B4E13A1FF}.Debug|Any CPU.Build.0 = Debug|Any CPU
		{1549E773-3DC7-4CE6-BCFD-789B4E13A1FF}.Release|Any CPU.ActiveCfg = Release|Any CPU
		{1549E773-3DC7-4CE6-BCFD-789B4E13A1FF}.Release|Any CPU.Build.0 = Release|Any CPU
		{1241C38E-C0F2-41DE-BB79-D8EB808696D8}.Debug|Any CPU.ActiveCfg = Debug|Any CPU
		{1241C38E-C0F2-41DE-BB79-D8EB808696D8}.Debug|Any CPU.Build.0 = Debug|Any CPU
		{1241C38E-C0F2-41DE-BB79-D8EB808696D8}.Release|Any CPU.ActiveCfg = Release|Any CPU
		{1241C38E-C0F2-41DE-BB79-D8EB808696D8}.Release|Any CPU.Build.0 = Release|Any CPU
		{9EE0A5ED-83D1-4501-8697-A864A3E9D4B7}.Debug|Any CPU.ActiveCfg = Debug|Any CPU
		{9EE0A5ED-83D1-4501-8697-A864A3E9D4B7}.Debug|Any CPU.Build.0 = Debug|Any CPU
		{9EE0A5ED-83D1-4501-8697-A864A3E9D4B7}.Release|Any CPU.ActiveCfg = Release|Any CPU
		{9EE0A5ED-83D1-4501-8697-A864A3E9D4B7}.Release|Any CPU.Build.0 = Release|Any CPU
		{430022D2-8E3A-4444-B7DE-6F2830F4BF3B}.Debug|Any CPU.ActiveCfg = Debug|Any CPU
		{430022D2-8E3A-4444-B7DE-6F2830F4BF3B}.Debug|Any CPU.Build.0 = Debug|Any CPU
		{430022D2-8E3A-4444-B7DE-6F2830F4BF3B}.Release|Any CPU.ActiveCfg = Release|Any CPU
		{430022D2-8E3A-4444-B7DE-6F2830F4BF3B}.Release|Any CPU.Build.0 = Release|Any CPU
		{25C65C82-BEB1-4164-8F40-DDFF410F9105}.Debug|Any CPU.ActiveCfg = Debug|Any CPU
		{25C65C82-BEB1-4164-8F40-DDFF410F9105}.Debug|Any CPU.Build.0 = Debug|Any CPU
		{25C65C82-BEB1-4164-8F40-DDFF410F9105}.Release|Any CPU.ActiveCfg = Release|Any CPU
		{25C65C82-BEB1-4164-8F40-DDFF410F9105}.Release|Any CPU.Build.0 = Release|Any CPU
		{73E12412-B4BD-4BC8-A910-2C9287175774}.Debug|Any CPU.ActiveCfg = Debug|Any CPU
		{73E12412-B4BD-4BC8-A910-2C9287175774}.Debug|Any CPU.Build.0 = Debug|Any CPU
		{73E12412-B4BD-4BC8-A910-2C9287175774}.Release|Any CPU.ActiveCfg = Release|Any CPU
		{73E12412-B4BD-4BC8-A910-2C9287175774}.Release|Any CPU.Build.0 = Release|Any CPU
		{45F59A30-804F-4F0A-9282-05456BD28F25}.Debug|Any CPU.ActiveCfg = Debug|Any CPU
		{45F59A30-804F-4F0A-9282-05456BD28F25}.Debug|Any CPU.Build.0 = Debug|Any CPU
		{45F59A30-804F-4F0A-9282-05456BD28F25}.Release|Any CPU.ActiveCfg = Release|Any CPU
		{45F59A30-804F-4F0A-9282-05456BD28F25}.Release|Any CPU.Build.0 = Release|Any CPU
		{175A82FB-1390-43C3-A56B-F736511AE4ED}.Debug|Any CPU.ActiveCfg = Debug|Any CPU
		{175A82FB-1390-43C3-A56B-F736511AE4ED}.Debug|Any CPU.Build.0 = Debug|Any CPU
		{175A82FB-1390-43C3-A56B-F736511AE4ED}.Release|Any CPU.ActiveCfg = Release|Any CPU
		{175A82FB-1390-43C3-A56B-F736511AE4ED}.Release|Any CPU.Build.0 = Release|Any CPU
		{E3B880E1-CB3F-448F-9AB7-51F234DCB880}.Debug|Any CPU.ActiveCfg = Debug|Any CPU
		{E3B880E1-CB3F-448F-9AB7-51F234DCB880}.Debug|Any CPU.Build.0 = Debug|Any CPU
		{E3B880E1-CB3F-448F-9AB7-51F234DCB880}.Release|Any CPU.ActiveCfg = Release|Any CPU
		{E3B880E1-CB3F-448F-9AB7-51F234DCB880}.Release|Any CPU.Build.0 = Release|Any CPU
	EndGlobalSection
	GlobalSection(SolutionProperties) = preSolution
		HideSolutionNode = FALSE
	EndGlobalSection
	GlobalSection(NestedProjects) = preSolution
		{1549E773-3DC7-4CE6-BCFD-789B4E13A1FF} = {25E81E34-8E1C-4C9C-9650-B52B4446C165}
		{1241C38E-C0F2-41DE-BB79-D8EB808696D8} = {25E81E34-8E1C-4C9C-9650-B52B4446C165}
		{9EE0A5ED-83D1-4501-8697-A864A3E9D4B7} = {5F5AF1FB-715B-453F-99E9-CD1D96D1D8F2}
		{430022D2-8E3A-4444-B7DE-6F2830F4BF3B} = {5F5AF1FB-715B-453F-99E9-CD1D96D1D8F2}
	EndGlobalSection
	GlobalSection(ExtensibilityGlobals) = postSolution
		VisualSVNWorkingCopyRoot = .
	EndGlobalSection
EndGlobal
