
Microsoft Visual Studio Solution File, Format Version 12.00
# Visual Studio 2012
Project("{FAE04EC0-301F-11D3-BF4B-00C04F79EFBC}") = "OJCMS", "OJCMS\OJCMS.csproj", "{5FC5CB46-FF5C-4514-B251-EA4AC066E182}"
	ProjectSection(ProjectDependencies) = postProject
		{19C1FABA-7374-4B7B-9B21-874CECACEB7E} = {19C1FABA-7374-4B7B-9B21-874CECACEB7E}
		{0F8BF1F6-DDC2-43DA-BB0B-416CC287AC1B} = {0F8BF1F6-DDC2-43DA-BB0B-416CC287AC1B}
	EndProjectSection
EndProject
Project("{FAE04EC0-301F-11D3-BF4B-00C04F79EFBC}") = "CMSService", "CMSService\CMSService.csproj", "{19C1FABA-7374-4B7B-9B21-874CECACEB7E}"
EndProject
Project("{FAE04EC0-301F-11D3-BF4B-00C04F79EFBC}") = "OJCMS.Domain", "OJCMS.Domain\OJCMS.Domain.csproj", "{9DBCB610-E996-46EE-8974-7BB5A2713255}"
EndProject
Project("{2150E333-8FDC-42A3-9474-1A3956D46DE8}") = "Interface", "Interface", "{3DE2BC77-D602-4E1D-9DE7-6C3F812E0C36}"
EndProject
Project("{2150E333-8FDC-42A3-9474-1A3956D46DE8}") = "Implements", "Implements", "{8F5CAD18-A6B8-4352-8FEF-6E7B32517A80}"
EndProject
Project("{FAE04EC0-301F-11D3-BF4B-00C04F79EFBC}") = "OJCMS.Dao", "OJCMS.Dao\OJCMS.Dao.csproj", "{EA64BFB7-DC33-40FF-ABEC-AE3785923A15}"
EndProject
Project("{FAE04EC0-301F-11D3-BF4B-00C04F79EFBC}") = "OJCMS.IDao", "OJCMS.IDao\OJCMS.IDao.csproj", "{B6E3584A-AC9B-4D26-9C6A-5841A18743F0}"
EndProject
Project("{FAE04EC0-301F-11D3-BF4B-00C04F79EFBC}") = "OJCMS.IBLL", "OJCMS.IBLL\OJCMS.IBLL.csproj", "{C24C78DE-29A0-4611-8CBA-D1FAA63305F8}"
EndProject
Project("{FAE04EC0-301F-11D3-BF4B-00C04F79EFBC}") = "OJCMS.BLL", "OJCMS.BLL\OJCMS.BLL.csproj", "{ED7380BA-227D-4200-AA76-A0169F9420D9}"
EndProject
Project("{FAE04EC0-301F-11D3-BF4B-00C04F79EFBC}") = "FineUI", "FineUI\FineUI.csproj", "{0F8BF1F6-DDC2-43DA-BB0B-416CC287AC1B}"
EndProject
Project("{FAE04EC0-301F-11D3-BF4B-00C04F79EFBC}") = "WCFTest", "WCFTest\WCFTest.csproj", "{9568F1A5-8161-4936-9FBF-C26E9CC3EFE7}"
EndProject
Global
	GlobalSection(SolutionConfigurationPlatforms) = preSolution
		Debug|Any CPU = Debug|Any CPU
		Release|Any CPU = Release|Any CPU
	EndGlobalSection
	GlobalSection(ProjectConfigurationPlatforms) = postSolution
		{5FC5CB46-FF5C-4514-B251-EA4AC066E182}.Debug|Any CPU.ActiveCfg = Debug|Any CPU
		{5FC5CB46-FF5C-4514-B251-EA4AC066E182}.Debug|Any CPU.Build.0 = Debug|Any CPU
		{5FC5CB46-FF5C-4514-B251-EA4AC066E182}.Debug|Any CPU.Deploy.0 = Debug|Any CPU
		{5FC5CB46-FF5C-4514-B251-EA4AC066E182}.Release|Any CPU.ActiveCfg = Release|Any CPU
		{5FC5CB46-FF5C-4514-B251-EA4AC066E182}.Release|Any CPU.Build.0 = Release|Any CPU
		{19C1FABA-7374-4B7B-9B21-874CECACEB7E}.Debug|Any CPU.ActiveCfg = Debug|Any CPU
		{19C1FABA-7374-4B7B-9B21-874CECACEB7E}.Debug|Any CPU.Build.0 = Debug|Any CPU
		{19C1FABA-7374-4B7B-9B21-874CECACEB7E}.Release|Any CPU.ActiveCfg = Release|Any CPU
		{19C1FABA-7374-4B7B-9B21-874CECACEB7E}.Release|Any CPU.Build.0 = Release|Any CPU
		{9DBCB610-E996-46EE-8974-7BB5A2713255}.Debug|Any CPU.ActiveCfg = Debug|Any CPU
		{9DBCB610-E996-46EE-8974-7BB5A2713255}.Debug|Any CPU.Build.0 = Debug|Any CPU
		{9DBCB610-E996-46EE-8974-7BB5A2713255}.Release|Any CPU.ActiveCfg = Release|Any CPU
		{9DBCB610-E996-46EE-8974-7BB5A2713255}.Release|Any CPU.Build.0 = Release|Any CPU
		{EA64BFB7-DC33-40FF-ABEC-AE3785923A15}.Debug|Any CPU.ActiveCfg = Debug|Any CPU
		{EA64BFB7-DC33-40FF-ABEC-AE3785923A15}.Debug|Any CPU.Build.0 = Debug|Any CPU
		{EA64BFB7-DC33-40FF-ABEC-AE3785923A15}.Release|Any CPU.ActiveCfg = Release|Any CPU
		{EA64BFB7-DC33-40FF-ABEC-AE3785923A15}.Release|Any CPU.Build.0 = Release|Any CPU
		{B6E3584A-AC9B-4D26-9C6A-5841A18743F0}.Debug|Any CPU.ActiveCfg = Debug|Any CPU
		{B6E3584A-AC9B-4D26-9C6A-5841A18743F0}.Debug|Any CPU.Build.0 = Debug|Any CPU
		{B6E3584A-AC9B-4D26-9C6A-5841A18743F0}.Release|Any CPU.ActiveCfg = Release|Any CPU
		{B6E3584A-AC9B-4D26-9C6A-5841A18743F0}.Release|Any CPU.Build.0 = Release|Any CPU
		{C24C78DE-29A0-4611-8CBA-D1FAA63305F8}.Debug|Any CPU.ActiveCfg = Debug|Any CPU
		{C24C78DE-29A0-4611-8CBA-D1FAA63305F8}.Debug|Any CPU.Build.0 = Debug|Any CPU
		{C24C78DE-29A0-4611-8CBA-D1FAA63305F8}.Release|Any CPU.ActiveCfg = Release|Any CPU
		{C24C78DE-29A0-4611-8CBA-D1FAA63305F8}.Release|Any CPU.Build.0 = Release|Any CPU
		{ED7380BA-227D-4200-AA76-A0169F9420D9}.Debug|Any CPU.ActiveCfg = Debug|Any CPU
		{ED7380BA-227D-4200-AA76-A0169F9420D9}.Debug|Any CPU.Build.0 = Debug|Any CPU
		{ED7380BA-227D-4200-AA76-A0169F9420D9}.Release|Any CPU.ActiveCfg = Release|Any CPU
		{ED7380BA-227D-4200-AA76-A0169F9420D9}.Release|Any CPU.Build.0 = Release|Any CPU
		{0F8BF1F6-DDC2-43DA-BB0B-416CC287AC1B}.Debug|Any CPU.ActiveCfg = Debug|Any CPU
		{0F8BF1F6-DDC2-43DA-BB0B-416CC287AC1B}.Debug|Any CPU.Build.0 = Debug|Any CPU
		{0F8BF1F6-DDC2-43DA-BB0B-416CC287AC1B}.Release|Any CPU.ActiveCfg = Release|Any CPU
		{0F8BF1F6-DDC2-43DA-BB0B-416CC287AC1B}.Release|Any CPU.Build.0 = Release|Any CPU
		{9568F1A5-8161-4936-9FBF-C26E9CC3EFE7}.Debug|Any CPU.ActiveCfg = Debug|Any CPU
		{9568F1A5-8161-4936-9FBF-C26E9CC3EFE7}.Debug|Any CPU.Build.0 = Debug|Any CPU
		{9568F1A5-8161-4936-9FBF-C26E9CC3EFE7}.Release|Any CPU.ActiveCfg = Release|Any CPU
		{9568F1A5-8161-4936-9FBF-C26E9CC3EFE7}.Release|Any CPU.Build.0 = Release|Any CPU
	EndGlobalSection
	GlobalSection(SolutionProperties) = preSolution
		HideSolutionNode = FALSE
	EndGlobalSection
	GlobalSection(NestedProjects) = preSolution
		{B6E3584A-AC9B-4D26-9C6A-5841A18743F0} = {3DE2BC77-D602-4E1D-9DE7-6C3F812E0C36}
		{C24C78DE-29A0-4611-8CBA-D1FAA63305F8} = {3DE2BC77-D602-4E1D-9DE7-6C3F812E0C36}
		{EA64BFB7-DC33-40FF-ABEC-AE3785923A15} = {8F5CAD18-A6B8-4352-8FEF-6E7B32517A80}
		{ED7380BA-227D-4200-AA76-A0169F9420D9} = {8F5CAD18-A6B8-4352-8FEF-6E7B32517A80}
	EndGlobalSection
	GlobalSection(ExtensibilityGlobals) = postSolution
		VisualSVNWorkingCopyRoot = .
	EndGlobalSection
EndGlobal
